{
  "name": "@acransac/terminal",
  "version": "1.0.0",
  "lockfileVersion": 1,
  "requires": true,
  "dependencies": {
    "@acransac/streamer": {
      "version": "1.0.0",
      "resolved": "https://registry.npmjs.org/@acransac/streamer/-/streamer-1.0.0.tgz",
      "integrity": "sha512-C1K/W23GwNGE6mjwYK9jOdUatZ3Y6Pvdz5g9L6Z+kWRGV7CYF1KA4Ubhk63m8Yks1ljIYntPLmyg/zoYc38RrA==",
      "requires": {
        "@acransac/tester": "^1.0.0"
      }
    },
    "@acransac/tester": {
      "version": "1.0.0",
      "resolved": "https://registry.npmjs.org/@acransac/tester/-/tester-1.0.0.tgz",
      "integrity": "sha512-2smpY9xwmKcZeQHY0ESz8wIooB0ih9d/fu+TQelUNoEwMElZv1ft3dXnBUkYx9G1wxmnydEPFPRBi/wWt6Eymg=="
    },
    "neo-blessed": {
      "version": "0.2.0",
      "resolved": "https://registry.npmjs.org/neo-blessed/-/neo-blessed-0.2.0.tgz",
      "integrity": "sha512-C2kC4K+G2QnNQFXUIxTQvqmrdSIzGTX1ZRKeDW6ChmvPRw8rTkTEJzbEQHiHy06d36PCl/yMOCjquCRV8SpSQw=="
    }
  }
}
